
Microsoft Visual Studio Solution File, Format Version 12.00
# Visual Studio 15
VisualStudioVersion = 15.0.28010.2041
MinimumVisualStudioVersion = 10.0.40219.1
Project("{FAE04EC0-301F-11D3-BF4B-00C04F79EFBC}") = "RGU Key Management Tool", "RGU Key Management Tool\RGU Key Management Tool.csproj", "{A2B95616-6DC7-4F62-8217-AB99CA257E46}"
EndProject
Global
	GlobalSection(SolutionConfigurationPlatforms) = preSolution
		Debug|Any CPU = Debug|Any CPU
		Release|Any CPU = Release|Any CPU
	EndGlobalSection
	GlobalSection(ProjectConfigurationPlatforms) = postSolution
		{A2B95616-6DC7-4F62-8217-AB99CA257E46}.Debug|Any CPU.ActiveCfg = Debug|Any CPU
		{A2B95616-6DC7-4F62-8217-AB99CA257E46}.Debug|Any CPU.Build.0 = Debug|Any CPU
		{A2B95616-6DC7-4F62-8217-AB99CA257E46}.Release|Any CPU.ActiveCfg = Release|Any CPU
		{A2B95616-6DC7-4F62-8217-AB99CA257E46}.Release|Any CPU.Build.0 = Release|Any CPU
	EndGlobalSection
	GlobalSection(SolutionProperties) = preSolution
		HideSolutionNode = FALSE
	EndGlobalSection
	GlobalSection(ExtensibilityGlobals) = postSolution
		SolutionGuid = {A0C18589-A0AA-4BBF-A32C-E689F682B099}
	EndGlobalSection
EndGlobal
